// !$*UTF8*$!
{
	archiveVersion = 1;
	classes = {
	};
	objectVersion = 48;
	objects = {

/* Begin PBXBuildFile section */
		04F72E5B1FA1C4F700FE4748 /* AppDelegate.m in Sources */ = {isa = PBXBuildFile; fileRef = 04F72E5A1FA1C4F700FE4748 /* AppDelegate.m */; };
		04F72E5E1FA1C4F700FE4748 /* ViewController.m in Sources */ = {isa = PBXBuildFile; fileRef = 04F72E5D1FA1C4F700FE4748 /* ViewController.m */; };
		04F72E611FA1C4F700FE4748 /* Main.storyboard in Resources */ = {isa = PBXBuildFile; fileRef = 04F72E5F1FA1C4F700FE4748 /* Main.storyboard */; };
		04F72E631FA1C4F700FE4748 /* Assets.xcassets in Resources */ = {isa = PBXBuildFile; fileRef = 04F72E621FA1C4F700FE4748 /* Assets.xcassets */; };
		04F72E661FA1C4F700FE4748 /* LaunchScreen.storyboard in Resources */ = {isa = PBXBuildFile; fileRef = 04F72E641FA1C4F700FE4748 /* LaunchScreen.storyboard */; };
		04F72E691FA1C4F700FE4748 /* main.m in Sources */ = {isa = PBXBuildFile; fileRef = 04F72E681FA1C4F700FE4748 /* main.m */; };
		04F72E731FA1C4F700FE4748 /* NewFeatureGuideViewTests.m in Sources */ = {isa = PBXBuildFile; fileRef = 04F72E721FA1C4F700FE4748 /* NewFeatureGuideViewTests.m */; };
		04F72E7E1FA1C4F700FE4748 /* NewFeatureGuideViewUITests.m in Sources */ = {isa = PBXBuildFile; fileRef = 04F72E7D1FA1C4F700FE4748 /* NewFeatureGuideViewUITests.m */; };
		04F72E901FA1C50A00FE4748 /* UIView+Layout.m in Sources */ = {isa = PBXBuildFile; fileRef = 04F72E8C1FA1C50900FE4748 /* UIView+Layout.m */; };
		04F72E911FA1C50A00FE4748 /* GuideView.m in Sources */ = {isa = PBXBuildFile; fileRef = 04F72E8F1FA1C50900FE4748 /* GuideView.m */; };
/* End PBXBuildFile section */

/* Begin PBXContainerItemProxy section */
		04F72E6F1FA1C4F700FE4748 /* PBXContainerItemProxy */ = {
			isa = PBXContainerItemProxy;
			containerPortal = 04F72E4E1FA1C4F700FE4748 /* Project object */;
			proxyType = 1;
			remoteGlobalIDString = 04F72E551FA1C4F700FE4748;
			remoteInfo = NewFeatureGuideView;
		};
		04F72E7A1FA1C4F700FE4748 /* PBXContainerItemProxy */ = {
			isa = PBXContainerItemProxy;
			containerPortal = 04F72E4E1FA1C4F700FE4748 /* Project object */;
			proxyType = 1;
			remoteGlobalIDString = 04F72E551FA1C4F700FE4748;
			remoteInfo = NewFeatureGuideView;
		};
/* End PBXContainerItemProxy section */

/* Begin PBXFileReference section */
		04F72E561FA1C4F700FE4748 /* NewFeatureGuideView.app */ = {isa = PBXFileReference; explicitFileType = wrapper.application; includeInIndex = 0; path = NewFeatureGuideView.app; sourceTree = BUILT_PRODUCTS_DIR; };
		04F72E591FA1C4F700FE4748 /* AppDelegate.h */ = {isa = PBXFileReference; lastKnownFileType = sourcecode.c.h; path = AppDelegate.h; sourceTree = "<group>"; };
		04F72E5A1FA1C4F700FE4748 /* AppDelegate.m */ = {isa = PBXFileReference; lastKnownFileType = sourcecode.c.objc; path = AppDelegate.m; sourceTree = "<group>"; };
		04F72E5C1FA1C4F700FE4748 /* ViewController.h */ = {isa = PBXFileReference; lastKnownFileType = sourcecode.c.h; path = ViewController.h; sourceTree = "<group>"; };
		04F72E5D1FA1C4F700FE4748 /* ViewController.m */ = {isa = PBXFileReference; lastKnownFileType = sourcecode.c.objc; path = ViewController.m; sourceTree = "<group>"; };
		04F72E601FA1C4F700FE4748 /* Base */ = {isa = PBXFileReference; lastKnownFileType = file.storyboard; name = Base; path = Base.lproj/Main.storyboard; sourceTree = "<group>"; };
		04F72E621FA1C4F700FE4748 /* Assets.xcassets */ = {isa = PBXFileReference; lastKnownFileType = folder.assetcatalog; path = Assets.xcassets; sourceTree = "<group>"; };
		04F72E651FA1C4F700FE4748 /* Base */ = {isa = PBXFileReference; lastKnownFileType = file.storyboard; name = Base; path = Base.lproj/LaunchScreen.storyboard; sourceTree = "<group>"; };
		04F72E671FA1C4F700FE4748 /* Info.plist */ = {isa = PBXFileReference; lastKnownFileType = text.plist.xml; path = Info.plist; sourceTree = "<group>"; };
		04F72E681FA1C4F700FE4748 /* main.m */ = {isa = PBXFileReference; lastKnownFileType = sourcecode.c.objc; path = main.m; sourceTree = "<group>"; };
		04F72E6E1FA1C4F700FE4748 /* NewFeatureGuideViewTests.xctest */ = {isa = PBXFileReference; explicitFileType = wrapper.cfbundle; includeInIndex = 0; path = NewFeatureGuideViewTests.xctest; sourceTree = BUILT_PRODUCTS_DIR; };
		04F72E721FA1C4F700FE4748 /* NewFeatureGuideViewTests.m */ = {isa = PBXFileReference; lastKnownFileType = sourcecode.c.objc; path = NewFeatureGuideViewTests.m; sourceTree = "<group>"; };
		04F72E741FA1C4F700FE4748 /* Info.plist */ = {isa = PBXFileReference; lastKnownFileType = text.plist.xml; path = Info.plist; sourceTree = "<group>"; };
		04F72E791FA1C4F700FE4748 /* NewFeatureGuideViewUITests.xctest */ = {isa = PBXFileReference; explicitFileType = wrapper.cfbundle; includeInIndex = 0; path = NewFeatureGuideViewUITests.xctest; sourceTree = BUILT_PRODUCTS_DIR; };
		04F72E7D1FA1C4F700FE4748 /* NewFeatureGuideViewUITests.m */ = {isa = PBXFileReference; lastKnownFileType = sourcecode.c.objc; path = NewFeatureGuideViewUITests.m; sourceTree = "<group>"; };
		04F72E7F1FA1C4F700FE4748 /* Info.plist */ = {isa = PBXFileReference; lastKnownFileType = text.plist.xml; path = Info.plist; sourceTree = "<group>"; };
		04F72E8C1FA1C50900FE4748 /* UIView+Layout.m */ = {isa = PBXFileReference; fileEncoding = 4; lastKnownFileType = sourcecode.c.objc; path = "UIView+Layout.m"; sourceTree = "<group>"; };
		04F72E8D1FA1C50900FE4748 /* GuideView.h */ = {isa = PBXFileReference; fileEncoding = 4; lastKnownFileType = sourcecode.c.h; path = GuideView.h; sourceTree = "<group>"; };
		04F72E8E1FA1C50900FE4748 /* UIView+Layout.h */ = {isa = PBXFileReference; fileEncoding = 4; lastKnownFileType = sourcecode.c.h; path = "UIView+Layout.h"; sourceTree = "<group>"; };
		04F72E8F1FA1C50900FE4748 /* GuideView.m */ = {isa = PBXFileReference; fileEncoding = 4; lastKnownFileType = sourcecode.c.objc; path = GuideView.m; sourceTree = "<group>"; };
/* End PBXFileReference section */

/* Begin PBXFrameworksBuildPhase section */
		04F72E531FA1C4F700FE4748 /* Frameworks */ = {
			isa = PBXFrameworksBuildPhase;
			buildActionMask = 2147483647;
			files = (
			);
			runOnlyForDeploymentPostprocessing = 0;
		};
		04F72E6B1FA1C4F700FE4748 /* Frameworks */ = {
			isa = PBXFrameworksBuildPhase;
			buildActionMask = 2147483647;
			files = (
			);
			runOnlyForDeploymentPostprocessing = 0;
		};
		04F72E761FA1C4F700FE4748 /* Frameworks */ = {
			isa = PBXFrameworksBuildPhase;
			buildActionMask = 2147483647;
			files = (
			);
			runOnlyForDeploymentPostprocessing = 0;
		};
/* End PBXFrameworksBuildPhase section */

/* Begin PBXGroup section */
		04F72E4D1FA1C4F700FE4748 = {
			isa = PBXGroup;
			children = (
				04F72E581FA1C4F700FE4748 /* NewFeatureGuideView */,
				04F72E711FA1C4F700FE4748 /* NewFeatureGuideViewTests */,
				04F72E7C1FA1C4F700FE4748 /* NewFeatureGuideViewUITests */,
				04F72E571FA1C4F700FE4748 /* Products */,
			);
			sourceTree = "<group>";
		};
		04F72E571FA1C4F700FE4748 /* Products */ = {
			isa = PBXGroup;
			children = (
				04F72E561FA1C4F700FE4748 /* NewFeatureGuideView.app */,
				04F72E6E1FA1C4F700FE4748 /* NewFeatureGuideViewTests.xctest */,
				04F72E791FA1C4F700FE4748 /* NewFeatureGuideViewUITests.xctest */,
			);
			name = Products;
			sourceTree = "<group>";
		};
		04F72E581FA1C4F700FE4748 /* NewFeatureGuideView */ = {
			isa = PBXGroup;
			children = (
				04F72E8B1FA1C50900FE4748 /* GuideView */,
				04F72E591FA1C4F700FE4748 /* AppDelegate.h */,
				04F72E5A1FA1C4F700FE4748 /* AppDelegate.m */,
				04F72E5C1FA1C4F700FE4748 /* ViewController.h */,
				04F72E5D1FA1C4F700FE4748 /* ViewController.m */,
				04F72E5F1FA1C4F700FE4748 /* Main.storyboard */,
				04F72E621FA1C4F700FE4748 /* Assets.xcassets */,
				04F72E641FA1C4F700FE4748 /* LaunchScreen.storyboard */,
				04F72E671FA1C4F700FE4748 /* Info.plist */,
				04F72E681FA1C4F700FE4748 /* main.m */,
			);
			path = NewFeatureGuideView;
			sourceTree = "<group>";
		};
		04F72E711FA1C4F700FE4748 /* NewFeatureGuideViewTests */ = {
			isa = PBXGroup;
			children = (
				04F72E721FA1C4F700FE4748 /* NewFeatureGuideViewTests.m */,
				04F72E741FA1C4F700FE4748 /* Info.plist */,
			);
			path = NewFeatureGuideViewTests;
			sourceTree = "<group>";
		};
		04F72E7C1FA1C4F700FE4748 /* NewFeatureGuideViewUITests */ = {
			isa = PBXGroup;
			children = (
				04F72E7D1FA1C4F700FE4748 /* NewFeatureGuideViewUITests.m */,
				04F72E7F1FA1C4F700FE4748 /* Info.plist */,
			);
			path = NewFeatureGuideViewUITests;
			sourceTree = "<group>";
		};
		04F72E8B1FA1C50900FE4748 /* GuideView */ = {
			isa = PBXGroup;
			children = (
				04F72E8C1FA1C50900FE4748 /* UIView+Layout.m */,
				04F72E8D1FA1C50900FE4748 /* GuideView.h */,
				04F72E8E1FA1C50900FE4748 /* UIView+Layout.h */,
				04F72E8F1FA1C50900FE4748 /* GuideView.m */,
			);
			path = GuideView;
			sourceTree = "<group>";
		};
/* End PBXGroup section */

/* Begin PBXNativeTarget section */
		04F72E551FA1C4F700FE4748 /* NewFeatureGuideView */ = {
			isa = PBXNativeTarget;
			buildConfigurationList = 04F72E821FA1C4F700FE4748 /* Build configuration list for PBXNativeTarget "NewFeatureGuideView" */;
			buildPhases = (
				04F72E521FA1C4F700FE4748 /* Sources */,
				04F72E531FA1C4F700FE4748 /* Frameworks */,
				04F72E541FA1C4F700FE4748 /* Resources */,
			);
			buildRules = (
			);
			dependencies = (
			);
			name = NewFeatureGuideView;
			productName = NewFeatureGuideView;
			productReference = 04F72E561FA1C4F700FE4748 /* NewFeatureGuideView.app */;
			productType = "com.apple.product-type.application";
		};
		04F72E6D1FA1C4F700FE4748 /* NewFeatureGuideViewTests */ = {
			isa = PBXNativeTarget;
			buildConfigurationList = 04F72E851FA1C4F700FE4748 /* Build configuration list for PBXNativeTarget "NewFeatureGuideViewTests" */;
			buildPhases = (
				04F72E6A1FA1C4F700FE4748 /* Sources */,
				04F72E6B1FA1C4F700FE4748 /* Frameworks */,
				04F72E6C1FA1C4F700FE4748 /* Resources */,
			);
			buildRules = (
			);
			dependencies = (
				04F72E701FA1C4F700FE4748 /* PBXTargetDependency */,
			);
			name = NewFeatureGuideViewTests;
			productName = NewFeatureGuideViewTests;
			productReference = 04F72E6E1FA1C4F700FE4748 /* NewFeatureGuideViewTests.xctest */;
			productType = "com.apple.product-type.bundle.unit-test";
		};
		04F72E781FA1C4F700FE4748 /* NewFeatureGuideViewUITests */ = {
			isa = PBXNativeTarget;
			buildConfigurationList = 04F72E881FA1C4F700FE4748 /* Build configuration list for PBXNativeTarget "NewFeatureGuideViewUITests" */;
			buildPhases = (
				04F72E751FA1C4F700FE4748 /* Sources */,
				04F72E761FA1C4F700FE4748 /* Frameworks */,
				04F72E771FA1C4F700FE4748 /* Resources */,
			);
			buildRules = (
			);
			dependencies = (
				04F72E7B1FA1C4F700FE4748 /* PBXTargetDependency */,
			);
			name = NewFeatureGuideViewUITests;
			productName = NewFeatureGuideViewUITests;
			productReference = 04F72E791FA1C4F700FE4748 /* NewFeatureGuideViewUITests.xctest */;
			productType = "com.apple.product-type.bundle.ui-testing";
		};
/* End PBXNativeTarget section */

/* Begin PBXProject section */
		04F72E4E1FA1C4F700FE4748 /* Project object */ = {
			isa = PBXProject;
			attributes = {
				LastUpgradeCheck = 0900;
				ORGANIZATIONNAME = Joker;
				TargetAttributes = {
					04F72E551FA1C4F700FE4748 = {
						CreatedOnToolsVersion = 9.0;
						ProvisioningStyle = Automatic;
					};
					04F72E6D1FA1C4F700FE4748 = {
						CreatedOnToolsVersion = 9.0;
						ProvisioningStyle = Automatic;
						TestTargetID = 04F72E551FA1C4F700FE4748;
					};
					04F72E781FA1C4F700FE4748 = {
						CreatedOnToolsVersion = 9.0;
						ProvisioningStyle = Automatic;
						TestTargetID = 04F72E551FA1C4F700FE4748;
					};
				};
			};
			buildConfigurationList = 04F72E511FA1C4F700FE4748 /* Build configuration list for PBXProject "NewFeatureGuideView" */;
			compatibilityVersion = "Xcode 8.0";
			developmentRegion = en;
			hasScannedForEncodings = 0;
			knownRegions = (
				en,
				Base,
			);
			mainGroup = 04F72E4D1FA1C4F700FE4748;
			productRefGroup = 04F72E571FA1C4F700FE4748 /* Products */;
			projectDirPath = "";
			projectRoot = "";
			targets = (
				04F72E551FA1C4F700FE4748 /* NewFeatureGuideView */,
				04F72E6D1FA1C4F700FE4748 /* NewFeatureGuideViewTests */,
				04F72E781FA1C4F700FE4748 /* NewFeatureGuideViewUITests */,
			);
		};
/* End PBXProject section */

/* Begin PBXResourcesBuildPhase section */
		04F72E541FA1C4F700FE4748 /* Resources */ = {
			isa = PBXResourcesBuildPhase;
			buildActionMask = 2147483647;
			files = (
				04F72E661FA1C4F700FE4748 /* LaunchScreen.storyboard in Resources */,
				04F72E631FA1C4F700FE4748 /* Assets.xcassets in Resources */,
				04F72E611FA1C4F700FE4748 /* Main.storyboard in Resources */,
			);
			runOnlyForDeploymentPostprocessing = 0;
		};
		04F72E6C1FA1C4F700FE4748 /* Resources */ = {
			isa = PBXResourcesBuildPhase;
			buildActionMask = 2147483647;
			files = (
			);
			runOnlyForDeploymentPostprocessing = 0;
		};
		04F72E771FA1C4F700FE4748 /* Resources */ = {
			isa = PBXResourcesBuildPhase;
			buildActionMask = 2147483647;
			files = (
			);
			runOnlyForDeploymentPostprocessing = 0;
		};
/* End PBXResourcesBuildPhase section */

/* Begin PBXSourcesBuildPhase section */
		04F72E521FA1C4F700FE4748 /* Sources */ = {
			isa = PBXSourcesBuildPhase;
			buildActionMask = 2147483647;
			files = (
				04F72E901FA1C50A00FE4748 /* UIView+Layout.m in Sources */,
				04F72E5E1FA1C4F700FE4748 /* ViewController.m in Sources */,
				04F72E691FA1C4F700FE4748 /* main.m in Sources */,
				04F72E5B1FA1C4F700FE4748 /* AppDelegate.m in Sources */,
				04F72E911FA1C50A00FE4748 /* GuideView.m in Sources */,
			);
			runOnlyForDeploymentPostprocessing = 0;
		};
		04F72E6A1FA1C4F700FE4748 /* Sources */ = {
			isa = PBXSourcesBuildPhase;
			buildActionMask = 2147483647;
			files = (
				04F72E731FA1C4F700FE4748 /* NewFeatureGuideViewTests.m in Sources */,
			);
			runOnlyForDeploymentPostprocessing = 0;
		};
		04F72E751FA1C4F700FE4748 /* Sources */ = {
			isa = PBXSourcesBuildPhase;
			buildActionMask = 2147483647;
			files = (
				04F72E7E1FA1C4F700FE4748 /* NewFeatureGuideViewUITests.m in Sources */,
			);
			runOnlyForDeploymentPostprocessing = 0;
		};
/* End PBXSourcesBuildPhase section */

/* Begin PBXTargetDependency section */
		04F72E701FA1C4F700FE4748 /* PBXTargetDependency */ = {
			isa = PBXTargetDependency;
			target = 04F72E551FA1C4F700FE4748 /* NewFeatureGuideView */;
			targetProxy = 04F72E6F1FA1C4F700FE4748 /* PBXContainerItemProxy */;
		};
		04F72E7B1FA1C4F700FE4748 /* PBXTargetDependency */ = {
			isa = PBXTargetDependency;
			target = 04F72E551FA1C4F700FE4748 /* NewFeatureGuideView */;
			targetProxy = 04F72E7A1FA1C4F700FE4748 /* PBXContainerItemProxy */;
		};
/* End PBXTargetDependency section */

/* Begin PBXVariantGroup section */
		04F72E5F1FA1C4F700FE4748 /* Main.storyboard */ = {
			isa = PBXVariantGroup;
			children = (
				04F72E601FA1C4F700FE4748 /* Base */,
			);
			name = Main.storyboard;
			sourceTree = "<group>";
		};
		04F72E641FA1C4F700FE4748 /* LaunchScreen.storyboard */ = {
			isa = PBXVariantGroup;
			children = (
				04F72E651FA1C4F700FE4748 /* Base */,
			);
			name = LaunchScreen.storyboard;
			sourceTree = "<group>";
		};
/* End PBXVariantGroup section */

/* Begin XCBuildConfiguration section */
		04F72E801FA1C4F700FE4748 /* Debug */ = {
			isa = XCBuildConfiguration;
			buildSettings = {
				ALWAYS_SEARCH_USER_PATHS = NO;
				CLANG_ANALYZER_NONNULL = YES;
				CLANG_ANALYZER_NUMBER_OBJECT_CONVERSION = YES_AGGRESSIVE;
				CLANG_CXX_LANGUAGE_STANDARD = "gnu++14";
				CLANG_CXX_LIBRARY = "libc++";
				CLANG_ENABLE_MODULES = YES;
				CLANG_ENABLE_OBJC_ARC = YES;
				CLANG_WARN_BLOCK_CAPTURE_AUTORELEASING = YES;
				CLANG_WARN_BOOL_CONVERSION = YES;
				CLANG_WARN_COMMA = YES;
				CLANG_WARN_CONSTANT_CONVERSION = YES;
				CLANG_WARN_DIRECT_OBJC_ISA_USAGE = YES_ERROR;
				CLANG_WARN_DOCUMENTATION_COMMENTS = YES;
				CLANG_WARN_EMPTY_BODY = YES;
				CLANG_WARN_ENUM_CONVERSION = YES;
				CLANG_WARN_INFINITE_RECURSION = YES;
				CLANG_WARN_INT_CONVERSION = YES;
				CLANG_WARN_NON_LITERAL_NULL_CONVERSION = YES;
				CLANG_WARN_OBJC_LITERAL_CONVERSION = YES;
				CLANG_WARN_OBJC_ROOT_CLASS = YES_ERROR;
				CLANG_WARN_RANGE_LOOP_ANALYSIS = YES;
				CLANG_WARN_STRICT_PROTOTYPES = YES;
				CLANG_WARN_SUSPICIOUS_MOVE = YES;
				CLANG_WARN_UNGUARDED_AVAILABILITY = YES_AGGRESSIVE;
				CLANG_WARN_UNREACHABLE_CODE = YES;
				CLANG_WARN__DUPLICATE_METHOD_MATCH = YES;
				CODE_SIGN_IDENTITY = "iPhone Developer";
				COPY_PHASE_STRIP = NO;
				DEBUG_INFORMATION_FORMAT = dwarf;
				ENABLE_STRICT_OBJC_MSGSEND = YES;
				ENABLE_TESTABILITY = YES;
				GCC_C_LANGUAGE_STANDARD = gnu11;
				GCC_DYNAMIC_NO_PIC = NO;
				GCC_NO_COMMON_BLOCKS = YES;
				GCC_OPTIMIZATION_LEVEL = 0;
				GCC_PREPROCESSOR_DEFINITIONS = (
					"DEBUG=1",
					"$(inherited)",
				);
				GCC_WARN_64_TO_32_BIT_CONVERSION = YES;
				GCC_WARN_ABOUT_RETURN_TYPE = YES_ERROR;
				GCC_WARN_UNDECLARED_SELECTOR = YES;
				GCC_WARN_UNINITIALIZED_AUTOS = YES_AGGRESSIVE;
				GCC_WARN_UNUSED_FUNCTION = YES;
				GCC_WARN_UNUSED_VARIABLE = YES;
				IPHONEOS_DEPLOYMENT_TARGET = 11.0;
				MTL_ENABLE_DEBUG_INFO = YES;
				ONLY_ACTIVE_ARCH = YES;
				SDKROOT = iphoneos;
			};
			name = Debug;
		};
		04F72E811FA1C4F700FE4748 /* Release */ = {
			isa = XCBuildConfiguration;
			buildSettings = {
				ALWAYS_SEARCH_USER_PATHS = NO;
				CLANG_ANALYZER_NONNULL = YES;
				CLANG_ANALYZER_NUMBER_OBJECT_CONVERSION = YES_AGGRESSIVE;
				CLANG_CXX_LANGUAGE_STANDARD = "gnu++14";
				CLANG_CXX_LIBRARY = "libc++";
				CLANG_ENABLE_MODULES = YES;
				CLANG_ENABLE_OBJC_ARC = YES;
				CLANG_WARN_BLOCK_CAPTURE_AUTORELEASING = YES;
				CLANG_WARN_BOOL_CONVERSION = YES;
				CLANG_WARN_COMMA = YES;
				CLANG_WARN_CONSTANT_CONVERSION = YES;
				CLANG_WARN_DIRECT_OBJC_ISA_USAGE = YES_ERROR;
				CLANG_WARN_DOCUMENTATION_COMMENTS = YES;
				CLANG_WARN_EMPTY_BODY = YES;
				CLANG_WARN_ENUM_CONVERSION = YES;
				CLANG_WARN_INFINITE_RECURSION = YES;
				CLANG_WARN_INT_CONVERSION = YES;
				CLANG_WARN_NON_LITERAL_NULL_CONVERSION = YES;
				CLANG_WARN_OBJC_LITERAL_CONVERSION = YES;
				CLANG_WARN_OBJC_ROOT_CLASS = YES_ERROR;
				CLANG_WARN_RANGE_LOOP_ANALYSIS = YES;
				CLANG_WARN_STRICT_PROTOTYPES = YES;
				CLANG_WARN_SUSPICIOUS_MOVE = YES;
				CLANG_WARN_UNGUARDED_AVAILABILITY = YES_AGGRESSIVE;
				CLANG_WARN_UNREACHABLE_CODE = YES;
				CLANG_WARN__DUPLICATE_METHOD_MATCH = YES;
				CODE_SIGN_IDENTITY = "iPhone Developer";
				COPY_PHASE_STRIP = NO;
				DEBUG_INFORMATION_FORMAT = "dwarf-with-dsym";
				ENABLE_NS_ASSERTIONS = NO;
				ENABLE_STRICT_OBJC_MSGSEND = YES;
				GCC_C_LANGUAGE_STANDARD = gnu11;
				GCC_NO_COMMON_BLOCKS = YES;
				GCC_WARN_64_TO_32_BIT_CONVERSION = YES;
				GCC_WARN_ABOUT_RETURN_TYPE = YES_ERROR;
				GCC_WARN_UNDECLARED_SELECTOR = YES;
				GCC_WARN_UNINITIALIZED_AUTOS = YES_AGGRESSIVE;
				GCC_WARN_UNUSED_FUNCTION = YES;
				GCC_WARN_UNUSED_VARIABLE = YES;
				IPHONEOS_DEPLOYMENT_TARGET = 11.0;
				MTL_ENABLE_DEBUG_INFO = NO;
				SDKROOT = iphoneos;
				VALIDATE_PRODUCT = YES;
			};
			name = Release;
		};
		04F72E831FA1C4F700FE4748 /* Debug */ = {
			isa = XCBuildConfiguration;
			buildSettings = {
				ASSETCATALOG_COMPILER_APPICON_NAME = AppIcon;
				CODE_SIGN_STYLE = Automatic;
				DEVELOPMENT_TEAM = 5U4APRF6DE;
				INFOPLIST_FILE = NewFeatureGuideView/Info.plist;
				LD_RUNPATH_SEARCH_PATHS = "$(inherited) @executable_path/Frameworks";
				PRODUCT_BUNDLE_IDENTIFIER = Joker.NewFeatureGuideView;
				PRODUCT_NAME = "$(TARGET_NAME)";
				TARGETED_DEVICE_FAMILY = "1,2";
			};
			name = Debug;
		};
		04F72E841FA1C4F700FE4748 /* Release */ = {
			isa = XCBuildConfiguration;
			buildSettings = {
				ASSETCATALOG_COMPILER_APPICON_NAME = AppIcon;
				CODE_SIGN_STYLE = Automatic;
				DEVELOPMENT_TEAM = 5U4APRF6DE;
				INFOPLIST_FILE = NewFeatureGuideView/Info.plist;
				LD_RUNPATH_SEARCH_PATHS = "$(inherited) @executable_path/Frameworks";
				PRODUCT_BUNDLE_IDENTIFIER = Joker.NewFeatureGuideView;
				PRODUCT_NAME = "$(TARGET_NAME)";
				TARGETED_DEVICE_FAMILY = "1,2";
			};
			name = Release;
		};
		04F72E861FA1C4F700FE4748 /* Debug */ = {
			isa = XCBuildConfiguration;
			buildSettings = {
				BUNDLE_LOADER = "$(TEST_HOST)";
				CODE_SIGN_STYLE = Automatic;
				DEVELOPMENT_TEAM = 5U4APRF6DE;
				INFOPLIST_FILE = NewFeatureGuideViewTests/Info.plist;
				LD_RUNPATH_SEARCH_PATHS = "$(inherited) @executable_path/Frameworks @loader_path/Frameworks";
				PRODUCT_BUNDLE_IDENTIFIER = Joker.NewFeatureGuideViewTests;
				PRODUCT_NAME = "$(TARGET_NAME)";
				TARGETED_DEVICE_FAMILY = "1,2";
				TEST_HOST = "$(BUILT_PRODUCTS_DIR)/NewFeatureGuideView.app/NewFeatureGuideView";
			};
			name = Debug;
		};
		04F72E871FA1C4F700FE4748 /* Release */ = {
			isa = XCBuildConfiguration;
			buildSettings = {
				BUNDLE_LOADER = "$(TEST_HOST)";
				CODE_SIGN_STYLE = Automatic;
				DEVELOPMENT_TEAM = 5U4APRF6DE;
				INFOPLIST_FILE = NewFeatureGuideViewTests/Info.plist;
				LD_RUNPATH_SEARCH_PATHS = "$(inherited) @executable_path/Frameworks @loader_path/Frameworks";
				PRODUCT_BUNDLE_IDENTIFIER = Joker.NewFeatureGuideViewTests;
				PRODUCT_NAME = "$(TARGET_NAME)";
				TARGETED_DEVICE_FAMILY = "1,2";
				TEST_HOST = "$(BUILT_PRODUCTS_DIR)/NewFeatureGuideView.app/NewFeatureGuideView";
			};
			name = Release;
		};
		04F72E891FA1C4F700FE4748 /* Debug */ = {
			isa = XCBuildConfiguration;
			buildSettings = {
				CODE_SIGN_STYLE = Automatic;
				DEVELOPMENT_TEAM = 5U4APRF6DE;
				INFOPLIST_FILE = NewFeatureGuideViewUITests/Info.plist;
				LD_RUNPATH_SEARCH_PATHS = "$(inherited) @executable_path/Frameworks @loader_path/Frameworks";
				PRODUCT_BUNDLE_IDENTIFIER = Joker.NewFeatureGuideViewUITests;
				PRODUCT_NAME = "$(TARGET_NAME)";
				TARGETED_DEVICE_FAMILY = "1,2";
				TEST_TARGET_NAME = NewFeatureGuideView;
			};
			name = Debug;
		};
		04F72E8A1FA1C4F700FE4748 /* Release */ = {
			isa = XCBuildConfiguration;
			buildSettings = {
				CODE_SIGN_STYLE = Automatic;
				DEVELOPMENT_TEAM = 5U4APRF6DE;
				INFOPLIST_FILE = NewFeatureGuideViewUITests/Info.plist;
				LD_RUNPATH_SEARCH_PATHS = "$(inherited) @executable_path/Frameworks @loader_path/Frameworks";
				PRODUCT_BUNDLE_IDENTIFIER = Joker.NewFeatureGuideViewUITests;
				PRODUCT_NAME = "$(TARGET_NAME)";
				TARGETED_DEVICE_FAMILY = "1,2";
				TEST_TARGET_NAME = NewFeatureGuideView;
			};
			name = Release;
		};
/* End XCBuildConfiguration section */

/* Begin XCConfigurationList section */
		04F72E511FA1C4F700FE4748 /* Build configuration list for PBXProject "NewFeatureGuideView" */ = {
			isa = XCConfigurationList;
			buildConfigurations = (
				04F72E801FA1C4F700FE4748 /* Debug */,
				04F72E811FA1C4F700FE4748 /* Release */,
			);
			defaultConfigurationIsVisible = 0;
			defaultConfigurationName = Release;
		};
		04F72E821FA1C4F700FE4748 /* Build configuration list for PBXNativeTarget "NewFeatureGuideView" */ = {
			isa = XCConfigurationList;
			buildConfigurations = (
				04F72E831FA1C4F700FE4748 /* Debug */,
				04F72E841FA1C4F700FE4748 /* Release */,
			);
			defaultConfigurationIsVisible = 0;
			defaultConfigurationName = Release;
		};
		04F72E851FA1C4F700FE4748 /* Build configuration list for PBXNativeTarget "NewFeatureGuideViewTests" */ = {
			isa = XCConfigurationList;
			buildConfigurations = (
				04F72E861FA1C4F700FE4748 /* Debug */,
				04F72E871FA1C4F700FE4748 /* Release */,
			);
			defaultConfigurationIsVisible = 0;
			defaultConfigurationName = Release;
		};
		04F72E881FA1C4F700FE4748 /* Build configuration list for PBXNativeTarget "NewFeatureGuideViewUITests" */ = {
			isa = XCConfigurationList;
			buildConfigurations = (
				04F72E891FA1C4F700FE4748 /* Debug */,
				04F72E8A1FA1C4F700FE4748 /* Release */,
			);
			defaultConfigurationIsVisible = 0;
			defaultConfigurationName = Release;
		};
/* End XCConfigurationList section */
	};
	rootObject = 04F72E4E1FA1C4F700FE4748 /* Project object */;
}
